
Microsoft Visual Studio Solution File, Format Version 12.00
# Visual Studio Version 16
VisualStudioVersion = 16.0.31129.286
MinimumVisualStudioVersion = 10.0.40219.1
Project("{9A19103F-16F7-4668-BE54-9A1E7A4F7556}") = "CharacterSheet", "Console_Character_Sheet\CharacterSheet.csproj", "{F153B386-D56F-49B4-85F5-56A682707E6A}"
EndProject
Global
	GlobalSection(SolutionConfigurationPlatforms) = preSolution
		Debug|Any CPU = Debug|Any CPU
		Release|Any CPU = Release|Any CPU
	EndGlobalSection
	GlobalSection(ProjectConfigurationPlatforms) = postSolution
		{F153B386-D56F-49B4-85F5-56A682707E6A}.Debug|Any CPU.ActiveCfg = Debug|Any CPU
		{F153B386-D56F-49B4-85F5-56A682707E6A}.Debug|Any CPU.Build.0 = Debug|Any CPU
		{F153B386-D56F-49B4-85F5-56A682707E6A}.Release|Any CPU.ActiveCfg = Release|Any CPU
		{F153B386-D56F-49B4-85F5-56A682707E6A}.Release|Any CPU.Build.0 = Release|Any CPU
	EndGlobalSection
	GlobalSection(SolutionProperties) = preSolution
		HideSolutionNode = FALSE
	EndGlobalSection
	GlobalSection(ExtensibilityGlobals) = postSolution
		SolutionGuid = {851DD5D7-55BC-40AF-8036-4ADE7D3B330D}
	EndGlobalSection
EndGlobal
